{
  "requires": true,
  "lockfileVersion": 1,
  "dependencies": {
    "loadjs": {
      "version": "4.2.0",
      "resolved": "https://registry.npmjs.org/loadjs/-/loadjs-4.2.0.tgz",
      "integrity": "sha512-AgQGZisAlTPbTEzrHPb6q+NYBMD+DP9uvGSIjSUM5uG+0jG15cb8axWpxuOIqrmQjn6scaaH8JwloiP27b2KXA=="
    },
    "react-twitter-widgets": {
      "version": "1.10.0",
      "resolved": "https://registry.npmjs.org/react-twitter-widgets/-/react-twitter-widgets-1.10.0.tgz",
      "integrity": "sha512-K7MAREhkKJxrhoiNWricKs1O++NyElnVpcplLzZ67gDrmeIsD3E4TUzlt0/nTZAHPOPPc86V4kEd4KIg4de7cQ==",
      "requires": {
        "loadjs": "^4.2.0"
      }
    }
  }
}
